
Microsoft Visual Studio Solution File, Format Version 12.00
# Visual Studio Version 16
VisualStudioVersion = 16.0.28407.52
MinimumVisualStudioVersion = 10.0.40219.1
Project("{FAE04EC0-301F-11D3-BF4B-00C04F79EFBC}") = "ToggleButton", "ToggleButton\ToggleButton.csproj", "{09F41694-28A9-4A31-B1AD-52CB9A9A06A6}"
EndProject
Global
	GlobalSection(SolutionConfigurationPlatforms) = preSolution
		Debug|Any CPU = Debug|Any CPU
		Release|Any CPU = Release|Any CPU
	EndGlobalSection
	GlobalSection(ProjectConfigurationPlatforms) = postSolution
		{09F41694-28A9-4A31-B1AD-52CB9A9A06A6}.Debug|Any CPU.ActiveCfg = Debug|Any CPU
		{09F41694-28A9-4A31-B1AD-52CB9A9A06A6}.Debug|Any CPU.Build.0 = Debug|Any CPU
		{09F41694-28A9-4A31-B1AD-52CB9A9A06A6}.Release|Any CPU.ActiveCfg = Release|Any CPU
		{09F41694-28A9-4A31-B1AD-52CB9A9A06A6}.Release|Any CPU.Build.0 = Release|Any CPU
	EndGlobalSection
	GlobalSection(SolutionProperties) = preSolution
		HideSolutionNode = FALSE
	EndGlobalSection
	GlobalSection(ExtensibilityGlobals) = postSolution
		SolutionGuid = {95996D76-55D7-4633-A650-BBA974367F12}
	EndGlobalSection
EndGlobal
